
Microsoft Visual Studio Solution File, Format Version 12.00
# Visual Studio Version 16
VisualStudioVersion = 16.0.31911.196
MinimumVisualStudioVersion = 10.0.40219.1
Project("{8BC9CEB8-8B4A-11D0-8D11-00A0C91BC942}") = "lab_8_stack_event", "lab_8_stack_event\lab_8_stack_event.vcxproj", "{DDF77644-0947-4795-A7F3-00053E16DFB5}"
EndProject
Global
	GlobalSection(SolutionConfigurationPlatforms) = preSolution
		Debug|x64 = Debug|x64
		Debug|x86 = Debug|x86
		Release|x64 = Release|x64
		Release|x86 = Release|x86
	EndGlobalSection
	GlobalSection(ProjectConfigurationPlatforms) = postSolution
		{DDF77644-0947-4795-A7F3-00053E16DFB5}.Debug|x64.ActiveCfg = Debug|x64
		{DDF77644-0947-4795-A7F3-00053E16DFB5}.Debug|x64.Build.0 = Debug|x64
		{DDF77644-0947-4795-A7F3-00053E16DFB5}.Debug|x86.ActiveCfg = Debug|Win32
		{DDF77644-0947-4795-A7F3-00053E16DFB5}.Debug|x86.Build.0 = Debug|Win32
		{DDF77644-0947-4795-A7F3-00053E16DFB5}.Release|x64.ActiveCfg = Release|x64
		{DDF77644-0947-4795-A7F3-00053E16DFB5}.Release|x64.Build.0 = Release|x64
		{DDF77644-0947-4795-A7F3-00053E16DFB5}.Release|x86.ActiveCfg = Release|Win32
		{DDF77644-0947-4795-A7F3-00053E16DFB5}.Release|x86.Build.0 = Release|Win32
	EndGlobalSection
	GlobalSection(SolutionProperties) = preSolution
		HideSolutionNode = FALSE
	EndGlobalSection
	GlobalSection(ExtensibilityGlobals) = postSolution
		SolutionGuid = {D280A8CD-945D-48C4-9BB1-3753C2D9F4C6}
	EndGlobalSection
EndGlobal
